
Microsoft Visual Studio Solution File, Format Version 12.00
# Visual Studio Version 16
VisualStudioVersion = 16.0.31624.102
MinimumVisualStudioVersion = 10.0.40219.1
Project("{FAE04EC0-301F-11D3-BF4B-00C04F79EFBC}") = "ExamTree", "ExamTree.csproj", "{5EF90E40-8151-4281-BADB-28A94104CBE1}"
EndProject
Global
	GlobalSection(SolutionConfigurationPlatforms) = preSolution
		Debug|Any CPU = Debug|Any CPU
		Release|Any CPU = Release|Any CPU
	EndGlobalSection
	GlobalSection(ProjectConfigurationPlatforms) = postSolution
		{5EF90E40-8151-4281-BADB-28A94104CBE1}.Debug|Any CPU.ActiveCfg = Debug|Any CPU
		{5EF90E40-8151-4281-BADB-28A94104CBE1}.Debug|Any CPU.Build.0 = Debug|Any CPU
		{5EF90E40-8151-4281-BADB-28A94104CBE1}.Release|Any CPU.ActiveCfg = Release|Any CPU
		{5EF90E40-8151-4281-BADB-28A94104CBE1}.Release|Any CPU.Build.0 = Release|Any CPU
	EndGlobalSection
	GlobalSection(SolutionProperties) = preSolution
		HideSolutionNode = FALSE
	EndGlobalSection
	GlobalSection(ExtensibilityGlobals) = postSolution
		SolutionGuid = {764FE54B-40D3-4E88-A4A5-C9CC27A85572}
	EndGlobalSection
EndGlobal
