
Microsoft Visual Studio Solution File, Format Version 12.00
# Visual Studio Version 16
VisualStudioVersion = 16.0.31624.102
MinimumVisualStudioVersion = 10.0.40219.1
Project("{FAE04EC0-301F-11D3-BF4B-00C04F79EFBC}") = "Fibbonaci Numbers", "Fibbonaci Numbers\Fibbonaci Numbers.csproj", "{53685CD2-35E3-4E61-800D-DD45743FC9D9}"
EndProject
Project("{FAE04EC0-301F-11D3-BF4B-00C04F79EFBC}") = "Evklid Algoritham", "Evklid Algoritham\Evklid Algoritham.csproj", "{5516D2DD-EE49-4BCD-B243-E7344990B096}"
EndProject
Global
	GlobalSection(SolutionConfigurationPlatforms) = preSolution
		Debug|Any CPU = Debug|Any CPU
		Release|Any CPU = Release|Any CPU
	EndGlobalSection
	GlobalSection(ProjectConfigurationPlatforms) = postSolution
		{53685CD2-35E3-4E61-800D-DD45743FC9D9}.Debug|Any CPU.ActiveCfg = Debug|Any CPU
		{53685CD2-35E3-4E61-800D-DD45743FC9D9}.Debug|Any CPU.Build.0 = Debug|Any CPU
		{53685CD2-35E3-4E61-800D-DD45743FC9D9}.Release|Any CPU.ActiveCfg = Release|Any CPU
		{53685CD2-35E3-4E61-800D-DD45743FC9D9}.Release|Any CPU.Build.0 = Release|Any CPU
		{5516D2DD-EE49-4BCD-B243-E7344990B096}.Debug|Any CPU.ActiveCfg = Debug|Any CPU
		{5516D2DD-EE49-4BCD-B243-E7344990B096}.Debug|Any CPU.Build.0 = Debug|Any CPU
		{5516D2DD-EE49-4BCD-B243-E7344990B096}.Release|Any CPU.ActiveCfg = Release|Any CPU
		{5516D2DD-EE49-4BCD-B243-E7344990B096}.Release|Any CPU.Build.0 = Release|Any CPU
	EndGlobalSection
	GlobalSection(SolutionProperties) = preSolution
		HideSolutionNode = FALSE
	EndGlobalSection
	GlobalSection(ExtensibilityGlobals) = postSolution
		SolutionGuid = {CD9D562A-FE4B-451C-8BD9-8785FE91306A}
	EndGlobalSection
EndGlobal
